// !$*UTF8*$!
{
	archiveVersion = 1;
	classes = {
	};
	objectVersion = 46;
	objects = {

/* Begin PBXBuildFile section */
		7D65E2141A39701E00F84754 /* main.m in Sources */ = {isa = PBXBuildFile; fileRef = 7D65E2131A39701E00F84754 /* main.m */; };
		7D65E2171A39701E00F84754 /* AppDelegate.m in Sources */ = {isa = PBXBuildFile; fileRef = 7D65E2161A39701E00F84754 /* AppDelegate.m */; };
		7D65E21A1A39701E00F84754 /* FirstViewController.m in Sources */ = {isa = PBXBuildFile; fileRef = 7D65E2191A39701E00F84754 /* FirstViewController.m */; };
		7D65E21D1A39701E00F84754 /* SecondViewController.m in Sources */ = {isa = PBXBuildFile; fileRef = 7D65E21C1A39701E00F84754 /* SecondViewController.m */; };
		7D65E2201A39701E00F84754 /* Main.storyboard in Resources */ = {isa = PBXBuildFile; fileRef = 7D65E21E1A39701E00F84754 /* Main.storyboard */; };
		7D65E2221A39701E00F84754 /* Images.xcassets in Resources */ = {isa = PBXBuildFile; fileRef = 7D65E2211A39701E00F84754 /* Images.xcassets */; };
		7D65E2251A39701E00F84754 /* LaunchScreen.xib in Resources */ = {isa = PBXBuildFile; fileRef = 7D65E2231A39701E00F84754 /* LaunchScreen.xib */; };
		7D65E2311A39701E00F84754 /* WUZHAOTests.m in Sources */ = {isa = PBXBuildFile; fileRef = 7D65E2301A39701E00F84754 /* WUZHAOTests.m */; };
/* End PBXBuildFile section */

/* Begin PBXContainerItemProxy section */
		7D65E22B1A39701E00F84754 /* PBXContainerItemProxy */ = {
			isa = PBXContainerItemProxy;
			containerPortal = 7D65E2061A39701E00F84754 /* Project object */;
			proxyType = 1;
			remoteGlobalIDString = 7D65E20D1A39701E00F84754;
			remoteInfo = WUZHAO;
		};
/* End PBXContainerItemProxy section */

/* Begin PBXFileReference section */
		7D65E20E1A39701E00F84754 /* WUZHAO.app */ = {isa = PBXFileReference; explicitFileType = wrapper.application; includeInIndex = 0; path = WUZHAO.app; sourceTree = BUILT_PRODUCTS_DIR; };
		7D65E2121A39701E00F84754 /* Info.plist */ = {isa = PBXFileReference; lastKnownFileType = text.plist.xml; path = Info.plist; sourceTree = "<group>"; };
		7D65E2131A39701E00F84754 /* main.m */ = {isa = PBXFileReference; lastKnownFileType = sourcecode.c.objc; path = main.m; sourceTree = "<group>"; };
		7D65E2151A39701E00F84754 /* AppDelegate.h */ = {isa = PBXFileReference; lastKnownFileType = sourcecode.c.h; path = AppDelegate.h; sourceTree = "<group>"; };
		7D65E2161A39701E00F84754 /* AppDelegate.m */ = {isa = PBXFileReference; lastKnownFileType = sourcecode.c.objc; path = AppDelegate.m; sourceTree = "<group>"; };
		7D65E2181A39701E00F84754 /* FirstViewController.h */ = {isa = PBXFileReference; lastKnownFileType = sourcecode.c.h; path = FirstViewController.h; sourceTree = "<group>"; };
		7D65E2191A39701E00F84754 /* FirstViewController.m */ = {isa = PBXFileReference; lastKnownFileType = sourcecode.c.objc; path = FirstViewController.m; sourceTree = "<group>"; };
		7D65E21B1A39701E00F84754 /* SecondViewController.h */ = {isa = PBXFileReference; lastKnownFileType = sourcecode.c.h; path = SecondViewController.h; sourceTree = "<group>"; };
		7D65E21C1A39701E00F84754 /* SecondViewController.m */ = {isa = PBXFileReference; lastKnownFileType = sourcecode.c.objc; path = SecondViewController.m; sourceTree = "<group>"; };
		7D65E21F1A39701E00F84754 /* Base */ = {isa = PBXFileReference; lastKnownFileType = file.storyboard; name = Base; path = Base.lproj/Main.storyboard; sourceTree = "<group>"; };
		7D65E2211A39701E00F84754 /* Images.xcassets */ = {isa = PBXFileReference; lastKnownFileType = folder.assetcatalog; path = Images.xcassets; sourceTree = "<group>"; };
		7D65E2241A39701E00F84754 /* Base */ = {isa = PBXFileReference; lastKnownFileType = file.xib; name = Base; path = Base.lproj/LaunchScreen.xib; sourceTree = "<group>"; };
		7D65E22A1A39701E00F84754 /* WUZHAOTests.xctest */ = {isa = PBXFileReference; explicitFileType = wrapper.cfbundle; includeInIndex = 0; path = WUZHAOTests.xctest; sourceTree = BUILT_PRODUCTS_DIR; };
		7D65E22F1A39701E00F84754 /* Info.plist */ = {isa = PBXFileReference; lastKnownFileType = text.plist.xml; path = Info.plist; sourceTree = "<group>"; };
		7D65E2301A39701E00F84754 /* WUZHAOTests.m */ = {isa = PBXFileReference; lastKnownFileType = sourcecode.c.objc; path = WUZHAOTests.m; sourceTree = "<group>"; };
/* End PBXFileReference section */

/* Begin PBXFrameworksBuildPhase section */
		7D65E20B1A39701E00F84754 /* Frameworks */ = {
			isa = PBXFrameworksBuildPhase;
			buildActionMask = 2147483647;
			files = (
			);
			runOnlyForDeploymentPostprocessing = 0;
		};
		7D65E2271A39701E00F84754 /* Frameworks */ = {
			isa = PBXFrameworksBuildPhase;
			buildActionMask = 2147483647;
			files = (
			);
			runOnlyForDeploymentPostprocessing = 0;
		};
/* End PBXFrameworksBuildPhase section */

/* Begin PBXGroup section */
		7D65E2051A39701E00F84754 = {
			isa = PBXGroup;
			children = (
				7D65E2101A39701E00F84754 /* WUZHAO */,
				7D65E22D1A39701E00F84754 /* WUZHAOTests */,
				7D65E20F1A39701E00F84754 /* Products */,
			);
			sourceTree = "<group>";
		};
		7D65E20F1A39701E00F84754 /* Products */ = {
			isa = PBXGroup;
			children = (
				7D65E20E1A39701E00F84754 /* WUZHAO.app */,
				7D65E22A1A39701E00F84754 /* WUZHAOTests.xctest */,
			);
			name = Products;
			sourceTree = "<group>";
		};
		7D65E2101A39701E00F84754 /* WUZHAO */ = {
			isa = PBXGroup;
			children = (
				7D65E2151A39701E00F84754 /* AppDelegate.h */,
				7D65E2161A39701E00F84754 /* AppDelegate.m */,
				7D65E2181A39701E00F84754 /* FirstViewController.h */,
				7D65E2191A39701E00F84754 /* FirstViewController.m */,
				7D65E21B1A39701E00F84754 /* SecondViewController.h */,
				7D65E21C1A39701E00F84754 /* SecondViewController.m */,
				7D65E21E1A39701E00F84754 /* Main.storyboard */,
				7D65E2211A39701E00F84754 /* Images.xcassets */,
				7D65E2231A39701E00F84754 /* LaunchScreen.xib */,
				7D65E2111A39701E00F84754 /* Supporting Files */,
			);
			path = WUZHAO;
			sourceTree = "<group>";
		};
		7D65E2111A39701E00F84754 /* Supporting Files */ = {
			isa = PBXGroup;
			children = (
				7D65E2121A39701E00F84754 /* Info.plist */,
				7D65E2131A39701E00F84754 /* main.m */,
			);
			name = "Supporting Files";
			sourceTree = "<group>";
		};
		7D65E22D1A39701E00F84754 /* WUZHAOTests */ = {
			isa = PBXGroup;
			children = (
				7D65E2301A39701E00F84754 /* WUZHAOTests.m */,
				7D65E22E1A39701E00F84754 /* Supporting Files */,
			);
			path = WUZHAOTests;
			sourceTree = "<group>";
		};
		7D65E22E1A39701E00F84754 /* Supporting Files */ = {
			isa = PBXGroup;
			children = (
				7D65E22F1A39701E00F84754 /* Info.plist */,
			);
			name = "Supporting Files";
			sourceTree = "<group>";
		};
/* End PBXGroup section */

/* Begin PBXNativeTarget section */
		7D65E20D1A39701E00F84754 /* WUZHAO */ = {
			isa = PBXNativeTarget;
			buildConfigurationList = 7D65E2341A39701E00F84754 /* Build configuration list for PBXNativeTarget "WUZHAO" */;
			buildPhases = (
				7D65E20A1A39701E00F84754 /* Sources */,
				7D65E20B1A39701E00F84754 /* Frameworks */,
				7D65E20C1A39701E00F84754 /* Resources */,
			);
			buildRules = (
			);
			dependencies = (
			);
			name = WUZHAO;
			productName = WUZHAO;
			productReference = 7D65E20E1A39701E00F84754 /* WUZHAO.app */;
			productType = "com.apple.product-type.application";
		};
		7D65E2291A39701E00F84754 /* WUZHAOTests */ = {
			isa = PBXNativeTarget;
			buildConfigurationList = 7D65E2371A39701E00F84754 /* Build configuration list for PBXNativeTarget "WUZHAOTests" */;
			buildPhases = (
				7D65E2261A39701E00F84754 /* Sources */,
				7D65E2271A39701E00F84754 /* Frameworks */,
				7D65E2281A39701E00F84754 /* Resources */,
			);
			buildRules = (
			);
			dependencies = (
				7D65E22C1A39701E00F84754 /* PBXTargetDependency */,
			);
			name = WUZHAOTests;
			productName = WUZHAOTests;
			productReference = 7D65E22A1A39701E00F84754 /* WUZHAOTests.xctest */;
			productType = "com.apple.product-type.bundle.unit-test";
		};
/* End PBXNativeTarget section */

/* Begin PBXProject section */
		7D65E2061A39701E00F84754 /* Project object */ = {
			isa = PBXProject;
			attributes = {
				LastUpgradeCheck = 0610;
				ORGANIZATIONNAME = yiyi;
				TargetAttributes = {
					7D65E20D1A39701E00F84754 = {
						CreatedOnToolsVersion = 6.1.1;
					};
					7D65E2291A39701E00F84754 = {
						CreatedOnToolsVersion = 6.1.1;
						TestTargetID = 7D65E20D1A39701E00F84754;
					};
				};
			};
			buildConfigurationList = 7D65E2091A39701E00F84754 /* Build configuration list for PBXProject "WUZHAO" */;
			compatibilityVersion = "Xcode 3.2";
			developmentRegion = English;
			hasScannedForEncodings = 0;
			knownRegions = (
				en,
				Base,
			);
			mainGroup = 7D65E2051A39701E00F84754;
			productRefGroup = 7D65E20F1A39701E00F84754 /* Products */;
			projectDirPath = "";
			projectRoot = "";
			targets = (
				7D65E20D1A39701E00F84754 /* WUZHAO */,
				7D65E2291A39701E00F84754 /* WUZHAOTests */,
			);
		};
/* End PBXProject section */

/* Begin PBXResourcesBuildPhase section */
		7D65E20C1A39701E00F84754 /* Resources */ = {
			isa = PBXResourcesBuildPhase;
			buildActionMask = 2147483647;
			files = (
				7D65E2201A39701E00F84754 /* Main.storyboard in Resources */,
				7D65E2251A39701E00F84754 /* LaunchScreen.xib in Resources */,
				7D65E2221A39701E00F84754 /* Images.xcassets in Resources */,
			);
			runOnlyForDeploymentPostprocessing = 0;
		};
		7D65E2281A39701E00F84754 /* Resources */ = {
			isa = PBXResourcesBuildPhase;
			buildActionMask = 2147483647;
			files = (
			);
			runOnlyForDeploymentPostprocessing = 0;
		};
/* End PBXResourcesBuildPhase section */

/* Begin PBXSourcesBuildPhase section */
		7D65E20A1A39701E00F84754 /* Sources */ = {
			isa = PBXSourcesBuildPhase;
			buildActionMask = 2147483647;
			files = (
				7D65E21D1A39701E00F84754 /* SecondViewController.m in Sources */,
				7D65E2171A39701E00F84754 /* AppDelegate.m in Sources */,
				7D65E21A1A39701E00F84754 /* FirstViewController.m in Sources */,
				7D65E2141A39701E00F84754 /* main.m in Sources */,
			);
			runOnlyForDeploymentPostprocessing = 0;
		};
		7D65E2261A39701E00F84754 /* Sources */ = {
			isa = PBXSourcesBuildPhase;
			buildActionMask = 2147483647;
			files = (
				7D65E2311A39701E00F84754 /* WUZHAOTests.m in Sources */,
			);
			runOnlyForDeploymentPostprocessing = 0;
		};
/* End PBXSourcesBuildPhase section */

/* Begin PBXTargetDependency section */
		7D65E22C1A39701E00F84754 /* PBXTargetDependency */ = {
			isa = PBXTargetDependency;
			target = 7D65E20D1A39701E00F84754 /* WUZHAO */;
			targetProxy = 7D65E22B1A39701E00F84754 /* PBXContainerItemProxy */;
		};
/* End PBXTargetDependency section */

/* Begin PBXVariantGroup section */
		7D65E21E1A39701E00F84754 /* Main.storyboard */ = {
			isa = PBXVariantGroup;
			children = (
				7D65E21F1A39701E00F84754 /* Base */,
			);
			name = Main.storyboard;
			sourceTree = "<group>";
		};
		7D65E2231A39701E00F84754 /* LaunchScreen.xib */ = {
			isa = PBXVariantGroup;
			children = (
				7D65E2241A39701E00F84754 /* Base */,
			);
			name = LaunchScreen.xib;
			sourceTree = "<group>";
		};
/* End PBXVariantGroup section */

/* Begin XCBuildConfiguration section */
		7D65E2321A39701E00F84754 /* Debug */ = {
			isa = XCBuildConfiguration;
			buildSettings = {
				ALWAYS_SEARCH_USER_PATHS = NO;
				CLANG_CXX_LANGUAGE_STANDARD = "gnu++0x";
				CLANG_CXX_LIBRARY = "libc++";
				CLANG_ENABLE_MODULES = YES;
				CLANG_ENABLE_OBJC_ARC = YES;
				CLANG_WARN_BOOL_CONVERSION = YES;
				CLANG_WARN_CONSTANT_CONVERSION = YES;
				CLANG_WARN_DIRECT_OBJC_ISA_USAGE = YES_ERROR;
				CLANG_WARN_EMPTY_BODY = YES;
				CLANG_WARN_ENUM_CONVERSION = YES;
				CLANG_WARN_INT_CONVERSION = YES;
				CLANG_WARN_OBJC_ROOT_CLASS = YES_ERROR;
				CLANG_WARN_UNREACHABLE_CODE = YES;
				CLANG_WARN__DUPLICATE_METHOD_MATCH = YES;
				"CODE_SIGN_IDENTITY[sdk=iphoneos*]" = "iPhone Developer";
				COPY_PHASE_STRIP = NO;
				ENABLE_STRICT_OBJC_MSGSEND = YES;
				GCC_C_LANGUAGE_STANDARD = gnu99;
				GCC_DYNAMIC_NO_PIC = NO;
				GCC_OPTIMIZATION_LEVEL = 0;
				GCC_PREPROCESSOR_DEFINITIONS = (
					"DEBUG=1",
					"$(inherited)",
				);
				GCC_SYMBOLS_PRIVATE_EXTERN = NO;
				GCC_WARN_64_TO_32_BIT_CONVERSION = YES;
				GCC_WARN_ABOUT_RETURN_TYPE = YES_ERROR;
				GCC_WARN_UNDECLARED_SELECTOR = YES;
				GCC_WARN_UNINITIALIZED_AUTOS = YES_AGGRESSIVE;
				GCC_WARN_UNUSED_FUNCTION = YES;
				GCC_WARN_UNUSED_VARIABLE = YES;
				IPHONEOS_DEPLOYMENT_TARGET = 8.1;
				MTL_ENABLE_DEBUG_INFO = YES;
				ONLY_ACTIVE_ARCH = YES;
				SDKROOT = iphoneos;
			};
			name = Debug;
		};
		7D65E2331A39701E00F84754 /* Release */ = {
			isa = XCBuildConfiguration;
			buildSettings = {
				ALWAYS_SEARCH_USER_PATHS = NO;
				CLANG_CXX_LANGUAGE_STANDARD = "gnu++0x";
				CLANG_CXX_LIBRARY = "libc++";
				CLANG_ENABLE_MODULES = YES;
				CLANG_ENABLE_OBJC_ARC = YES;
				CLANG_WARN_BOOL_CONVERSION = YES;
				CLANG_WARN_CONSTANT_CONVERSION = YES;
				CLANG_WARN_DIRECT_OBJC_ISA_USAGE = YES_ERROR;
				CLANG_WARN_EMPTY_BODY = YES;
				CLANG_WARN_ENUM_CONVERSION = YES;
				CLANG_WARN_INT_CONVERSION = YES;
				CLANG_WARN_OBJC_ROOT_CLASS = YES_ERROR;
				CLANG_WARN_UNREACHABLE_CODE = YES;
				CLANG_WARN__DUPLICATE_METHOD_MATCH = YES;
				"CODE_SIGN_IDENTITY[sdk=iphoneos*]" = "iPhone Developer";
				COPY_PHASE_STRIP = YES;
				ENABLE_NS_ASSERTIONS = NO;
				ENABLE_STRICT_OBJC_MSGSEND = YES;
				GCC_C_LANGUAGE_STANDARD = gnu99;
				GCC_WARN_64_TO_32_BIT_CONVERSION = YES;
				GCC_WARN_ABOUT_RETURN_TYPE = YES_ERROR;
				GCC_WARN_UNDECLARED_SELECTOR = YES;
				GCC_WARN_UNINITIALIZED_AUTOS = YES_AGGRESSIVE;
				GCC_WARN_UNUSED_FUNCTION = YES;
				GCC_WARN_UNUSED_VARIABLE = YES;
				IPHONEOS_DEPLOYMENT_TARGET = 8.1;
				MTL_ENABLE_DEBUG_INFO = NO;
				SDKROOT = iphoneos;
				VALIDATE_PRODUCT = YES;
			};
			name = Release;
		};
		7D65E2351A39701E00F84754 /* Debug */ = {
			isa = XCBuildConfiguration;
			buildSettings = {
				ASSETCATALOG_COMPILER_APPICON_NAME = AppIcon;
				INFOPLIST_FILE = WUZHAO/Info.plist;
				LD_RUNPATH_SEARCH_PATHS = "$(inherited) @executable_path/Frameworks";
				PRODUCT_NAME = "$(TARGET_NAME)";
			};
			name = Debug;
		};
		7D65E2361A39701E00F84754 /* Release */ = {
			isa = XCBuildConfiguration;
			buildSettings = {
				ASSETCATALOG_COMPILER_APPICON_NAME = AppIcon;
				INFOPLIST_FILE = WUZHAO/Info.plist;
				LD_RUNPATH_SEARCH_PATHS = "$(inherited) @executable_path/Frameworks";
				PRODUCT_NAME = "$(TARGET_NAME)";
			};
			name = Release;
		};
		7D65E2381A39701E00F84754 /* Debug */ = {
			isa = XCBuildConfiguration;
			buildSettings = {
				BUNDLE_LOADER = "$(TEST_HOST)";
				FRAMEWORK_SEARCH_PATHS = (
					"$(SDKROOT)/Developer/Library/Frameworks",
					"$(inherited)",
				);
				GCC_PREPROCESSOR_DEFINITIONS = (
					"DEBUG=1",
					"$(inherited)",
				);
				INFOPLIST_FILE = WUZHAOTests/Info.plist;
				LD_RUNPATH_SEARCH_PATHS = "$(inherited) @executable_path/Frameworks @loader_path/Frameworks";
				PRODUCT_NAME = "$(TARGET_NAME)";
				TEST_HOST = "$(BUILT_PRODUCTS_DIR)/WUZHAO.app/WUZHAO";
			};
			name = Debug;
		};
		7D65E2391A39701E00F84754 /* Release */ = {
			isa = XCBuildConfiguration;
			buildSettings = {
				BUNDLE_LOADER = "$(TEST_HOST)";
				FRAMEWORK_SEARCH_PATHS = (
					"$(SDKROOT)/Developer/Library/Frameworks",
					"$(inherited)",
				);
				INFOPLIST_FILE = WUZHAOTests/Info.plist;
				LD_RUNPATH_SEARCH_PATHS = "$(inherited) @executable_path/Frameworks @loader_path/Frameworks";
				PRODUCT_NAME = "$(TARGET_NAME)";
				TEST_HOST = "$(BUILT_PRODUCTS_DIR)/WUZHAO.app/WUZHAO";
			};
			name = Release;
		};
/* End XCBuildConfiguration section */

/* Begin XCConfigurationList section */
		7D65E2091A39701E00F84754 /* Build configuration list for PBXProject "WUZHAO" */ = {
			isa = XCConfigurationList;
			buildConfigurations = (
				7D65E2321A39701E00F84754 /* Debug */,
				7D65E2331A39701E00F84754 /* Release */,
			);
			defaultConfigurationIsVisible = 0;
			defaultConfigurationName = Release;
		};
		7D65E2341A39701E00F84754 /* Build configuration list for PBXNativeTarget "WUZHAO" */ = {
			isa = XCConfigurationList;
			buildConfigurations = (
				7D65E2351A39701E00F84754 /* Debug */,
				7D65E2361A39701E00F84754 /* Release */,
			);
			defaultConfigurationIsVisible = 0;
		};
		7D65E2371A39701E00F84754 /* Build configuration list for PBXNativeTarget "WUZHAOTests" */ = {
			isa = XCConfigurationList;
			buildConfigurations = (
				7D65E2381A39701E00F84754 /* Debug */,
				7D65E2391A39701E00F84754 /* Release */,
			);
			defaultConfigurationIsVisible = 0;
		};
/* End XCConfigurationList section */
	};
	rootObject = 7D65E2061A39701E00F84754 /* Project object */;
}
